
Microsoft Visual Studio Solution File, Format Version 12.00
# Visual Studio 2013
VisualStudioVersion = 12.0.21005.1
MinimumVisualStudioVersion = 10.0.40219.1
Project("{FAE04EC0-301F-11D3-BF4B-00C04F79EFBC}") = "ScrumWebApplication", "ScrumWebApplication\ScrumWebApplication.csproj", "{171FC2F5-B079-4996-A386-04872152716D}"
EndProject
Project("{2150E333-8FDC-42A3-9474-1A3956D46DE8}") = ".nuget", ".nuget", "{ECF4DCCE-A416-468C-B19E-914B60DC4AD3}"
	ProjectSection(SolutionItems) = preProject
		.nuget\packages.config = .nuget\packages.config
	EndProjectSection
EndProject
Global
	GlobalSection(SolutionConfigurationPlatforms) = preSolution
		Debug|Any CPU = Debug|Any CPU
		Release|Any CPU = Release|Any CPU
	EndGlobalSection
	GlobalSection(ProjectConfigurationPlatforms) = postSolution
		{171FC2F5-B079-4996-A386-04872152716D}.Debug|Any CPU.ActiveCfg = Debug|Any CPU
		{171FC2F5-B079-4996-A386-04872152716D}.Debug|Any CPU.Build.0 = Debug|Any CPU
		{171FC2F5-B079-4996-A386-04872152716D}.Release|Any CPU.ActiveCfg = Release|Any CPU
		{171FC2F5-B079-4996-A386-04872152716D}.Release|Any CPU.Build.0 = Release|Any CPU
	EndGlobalSection
	GlobalSection(SolutionProperties) = preSolution
		HideSolutionNode = FALSE
	EndGlobalSection
EndGlobal
